
Microsoft Visual Studio Solution File, Format Version 12.00
# Visual Studio Version 17
VisualStudioVersion = 17.9.34723.18
MinimumVisualStudioVersion = 10.0.40219.1
Project("{2150E333-8FDC-42A3-9474-1A3956D46DE8}") = "Tests", "Tests", "{4A182B18-E30E-4560-AB51-5C6A4E12419A}"
EndProject
Project("{2150E333-8FDC-42A3-9474-1A3956D46DE8}") = "Core", "Core", "{DAE271FD-4E5A-4168-88F4-9E81D242F313}"
EndProject
Project("{2150E333-8FDC-42A3-9474-1A3956D46DE8}") = "Infrastructure", "Infrastructure", "{A335EF2F-7C0D-4CC2-AD6C-4E4F2F4DF3D2}"
EndProject
Project("{2150E333-8FDC-42A3-9474-1A3956D46DE8}") = "Presentation", "Presentation", "{8189B464-FA25-4D18-A674-F96A2884F46E}"
EndProject
Project("{FAE04EC0-301F-11D3-BF4B-00C04F79EFBC}") = "BrutalMusicManager.Api", "..\src\Presentation\BrutalMusicManager.Api\BrutalMusicManager.Api.csproj", "{D138810D-0AAC-4DB8-9C46-10D10FEA1CBD}"
EndProject
Project("{FAE04EC0-301F-11D3-BF4B-00C04F79EFBC}") = "BrutalMusicManager.Api.Persistence", "..\src\Infrastructure\BrutalMusicManager.Api.Persistence\BrutalMusicManager.Api.Persistence.csproj", "{511E7932-FE65-4D94-B88F-AA992CF453F3}"
EndProject
Project("{FAE04EC0-301F-11D3-BF4B-00C04F79EFBC}") = "BrutalMusicManager.Api.Domain", "..\src\Core\BrutalMusicManager.Api.Domain\BrutalMusicManager.Api.Domain.csproj", "{AE81CB6B-2C23-44C2-94F0-3161F7FCE903}"
EndProject
Project("{FAE04EC0-301F-11D3-BF4B-00C04F79EFBC}") = "BrutalMusicManager.Api.Application", "..\src\Core\BrutalMusicManager.Api.Application\BrutalMusicManager.Api.Application.csproj", "{788174FF-1900-4557-B558-6CCDE47C1C79}"
EndProject
Global
	GlobalSection(SolutionConfigurationPlatforms) = preSolution
		Debug|Any CPU = Debug|Any CPU
		Release|Any CPU = Release|Any CPU
	EndGlobalSection
	GlobalSection(ProjectConfigurationPlatforms) = postSolution
		{D138810D-0AAC-4DB8-9C46-10D10FEA1CBD}.Debug|Any CPU.ActiveCfg = Debug|Any CPU
		{D138810D-0AAC-4DB8-9C46-10D10FEA1CBD}.Debug|Any CPU.Build.0 = Debug|Any CPU
		{D138810D-0AAC-4DB8-9C46-10D10FEA1CBD}.Release|Any CPU.ActiveCfg = Release|Any CPU
		{D138810D-0AAC-4DB8-9C46-10D10FEA1CBD}.Release|Any CPU.Build.0 = Release|Any CPU
		{511E7932-FE65-4D94-B88F-AA992CF453F3}.Debug|Any CPU.ActiveCfg = Debug|Any CPU
		{511E7932-FE65-4D94-B88F-AA992CF453F3}.Debug|Any CPU.Build.0 = Debug|Any CPU
		{511E7932-FE65-4D94-B88F-AA992CF453F3}.Release|Any CPU.ActiveCfg = Release|Any CPU
		{511E7932-FE65-4D94-B88F-AA992CF453F3}.Release|Any CPU.Build.0 = Release|Any CPU
		{AE81CB6B-2C23-44C2-94F0-3161F7FCE903}.Debug|Any CPU.ActiveCfg = Debug|Any CPU
		{AE81CB6B-2C23-44C2-94F0-3161F7FCE903}.Debug|Any CPU.Build.0 = Debug|Any CPU
		{AE81CB6B-2C23-44C2-94F0-3161F7FCE903}.Release|Any CPU.ActiveCfg = Release|Any CPU
		{AE81CB6B-2C23-44C2-94F0-3161F7FCE903}.Release|Any CPU.Build.0 = Release|Any CPU
		{788174FF-1900-4557-B558-6CCDE47C1C79}.Debug|Any CPU.ActiveCfg = Debug|Any CPU
		{788174FF-1900-4557-B558-6CCDE47C1C79}.Debug|Any CPU.Build.0 = Debug|Any CPU
		{788174FF-1900-4557-B558-6CCDE47C1C79}.Release|Any CPU.ActiveCfg = Release|Any CPU
		{788174FF-1900-4557-B558-6CCDE47C1C79}.Release|Any CPU.Build.0 = Release|Any CPU
	EndGlobalSection
	GlobalSection(SolutionProperties) = preSolution
		HideSolutionNode = FALSE
	EndGlobalSection
	GlobalSection(NestedProjects) = preSolution
		{D138810D-0AAC-4DB8-9C46-10D10FEA1CBD} = {8189B464-FA25-4D18-A674-F96A2884F46E}
		{511E7932-FE65-4D94-B88F-AA992CF453F3} = {A335EF2F-7C0D-4CC2-AD6C-4E4F2F4DF3D2}
		{AE81CB6B-2C23-44C2-94F0-3161F7FCE903} = {DAE271FD-4E5A-4168-88F4-9E81D242F313}
		{788174FF-1900-4557-B558-6CCDE47C1C79} = {DAE271FD-4E5A-4168-88F4-9E81D242F313}
	EndGlobalSection
	GlobalSection(ExtensibilityGlobals) = postSolution
		SolutionGuid = {D93EC064-6074-482D-B121-7260EE2747A8}
	EndGlobalSection
EndGlobal
