
Microsoft Visual Studio Solution File, Format Version 12.00
# Visual Studio Version 17
VisualStudioVersion = 17.9.34723.18
MinimumVisualStudioVersion = 10.0.40219.1
Project("{9A19103F-16F7-4668-BE54-9A1E7A4F7556}") = "BrutalMusicManager.Api.Host", "..\src\BrutalMusicManager.Api.Host\BrutalMusicManager.Api.Host.csproj", "{C7AC0711-AB55-4DDB-A51D-7BD23D14E376}"
EndProject
Project("{FAE04EC0-301F-11D3-BF4B-00C04F79EFBC}") = "BrutalMusicManager.Api.CoreLogic", "..\src\BrutalMusicManager.Api.CoreLogic\BrutalMusicManager.Api.CoreLogic.csproj", "{80B6FEF5-1628-4B15-9420-78E3911FAECB}"
EndProject
Project("{FAE04EC0-301F-11D3-BF4B-00C04F79EFBC}") = "BrutalMusicManager.Api.Interfaces", "..\src\BrutalMusicManager.Api.Interfaces\BrutalMusicManager.Api.Interfaces.csproj", "{D5FEAAB5-78F8-48F5-B53B-068D16E7DC66}"
EndProject
Project("{2150E333-8FDC-42A3-9474-1A3956D46DE8}") = "Host", "Host", "{0272B50A-0D1B-4391-A06C-29B5D5C1AA3E}"
EndProject
Project("{FAE04EC0-301F-11D3-BF4B-00C04F79EFBC}") = "BrutalMusicManager.Api.CoreLogic.Registrator", "..\src\BrutalMusicManager.Api.CoreLogic.Registrator\BrutalMusicManager.Api.CoreLogic.Registrator.csproj", "{62879E5C-AF65-4383-BB53-33443CB7232D}"
EndProject
Global
	GlobalSection(SolutionConfigurationPlatforms) = preSolution
		Debug|Any CPU = Debug|Any CPU
		Release|Any CPU = Release|Any CPU
	EndGlobalSection
	GlobalSection(ProjectConfigurationPlatforms) = postSolution
		{C7AC0711-AB55-4DDB-A51D-7BD23D14E376}.Debug|Any CPU.ActiveCfg = Debug|Any CPU
		{C7AC0711-AB55-4DDB-A51D-7BD23D14E376}.Debug|Any CPU.Build.0 = Debug|Any CPU
		{C7AC0711-AB55-4DDB-A51D-7BD23D14E376}.Release|Any CPU.ActiveCfg = Release|Any CPU
		{C7AC0711-AB55-4DDB-A51D-7BD23D14E376}.Release|Any CPU.Build.0 = Release|Any CPU
		{80B6FEF5-1628-4B15-9420-78E3911FAECB}.Debug|Any CPU.ActiveCfg = Debug|Any CPU
		{80B6FEF5-1628-4B15-9420-78E3911FAECB}.Debug|Any CPU.Build.0 = Debug|Any CPU
		{80B6FEF5-1628-4B15-9420-78E3911FAECB}.Release|Any CPU.ActiveCfg = Release|Any CPU
		{80B6FEF5-1628-4B15-9420-78E3911FAECB}.Release|Any CPU.Build.0 = Release|Any CPU
		{D5FEAAB5-78F8-48F5-B53B-068D16E7DC66}.Debug|Any CPU.ActiveCfg = Debug|Any CPU
		{D5FEAAB5-78F8-48F5-B53B-068D16E7DC66}.Debug|Any CPU.Build.0 = Debug|Any CPU
		{D5FEAAB5-78F8-48F5-B53B-068D16E7DC66}.Release|Any CPU.ActiveCfg = Release|Any CPU
		{D5FEAAB5-78F8-48F5-B53B-068D16E7DC66}.Release|Any CPU.Build.0 = Release|Any CPU
		{62879E5C-AF65-4383-BB53-33443CB7232D}.Debug|Any CPU.ActiveCfg = Debug|Any CPU
		{62879E5C-AF65-4383-BB53-33443CB7232D}.Debug|Any CPU.Build.0 = Debug|Any CPU
		{62879E5C-AF65-4383-BB53-33443CB7232D}.Release|Any CPU.ActiveCfg = Release|Any CPU
		{62879E5C-AF65-4383-BB53-33443CB7232D}.Release|Any CPU.Build.0 = Release|Any CPU
	EndGlobalSection
	GlobalSection(SolutionProperties) = preSolution
		HideSolutionNode = FALSE
	EndGlobalSection
	GlobalSection(NestedProjects) = preSolution
		{C7AC0711-AB55-4DDB-A51D-7BD23D14E376} = {0272B50A-0D1B-4391-A06C-29B5D5C1AA3E}
	EndGlobalSection
	GlobalSection(ExtensibilityGlobals) = postSolution
		SolutionGuid = {D93EC064-6074-482D-B121-7260EE2747A8}
	EndGlobalSection
EndGlobal
